// !$*UTF8*$!
{
	archiveVersion = 1;
	classes = {
	};
	objectVersion = 52;
	objects = {

/* Begin PBXBuildFile section */
		280A0D0D25059BEA00823A35 /* URLSchemeActions.swift in Sources */ = {isa = PBXBuildFile; fileRef = 280A0D0C25059BEA00823A35 /* URLSchemeActions.swift */; };
		280C45B724E628D60098E17A /* SpeedLaunchTests.swift in Sources */ = {isa = PBXBuildFile; fileRef = 280C45B624E628D60098E17A /* SpeedLaunchTests.swift */; };
		280C45BE24E628DF0098E17A /* ActionStoreTest.swift in Sources */ = {isa = PBXBuildFile; fileRef = 280C45AD24E628620098E17A /* ActionStoreTest.swift */; };
		2814F4C6250AE2E3006F41EE /* UIImage+Resize.swift in Sources */ = {isa = PBXBuildFile; fileRef = 2814F4C5250AE2E3006F41EE /* UIImage+Resize.swift */; };
		281ADE1C24E84B7900421C9B /* ComposableArchitecture in Frameworks */ = {isa = PBXBuildFile; productRef = 281ADE1B24E84B7900421C9B /* ComposableArchitecture */; };
		281ADE1F24E853D700421C9B /* DocDirectoryBacked.swift in Sources */ = {isa = PBXBuildFile; fileRef = 281ADE1E24E853D700421C9B /* DocDirectoryBacked.swift */; };
		281ADE2124E8540D00421C9B /* StateManagement.swift in Sources */ = {isa = PBXBuildFile; fileRef = 281ADE2024E8540D00421C9B /* StateManagement.swift */; };
		28238B65250AD0BF00E88F7E /* WidgetKit.framework in Frameworks */ = {isa = PBXBuildFile; fileRef = 2839638D24FDC884001AF3F3 /* WidgetKit.framework */; settings = {ATTRIBUTES = (Weak, ); }; };
		28388A0924C8F5060008AE7F /* QGrid in Frameworks */ = {isa = PBXBuildFile; productRef = 28388A0824C8F5060008AE7F /* QGrid */; };
		28388A0B24C8F9870008AE7F /* UIImage+Color.swift in Sources */ = {isa = PBXBuildFile; fileRef = 28388A0A24C8F9870008AE7F /* UIImage+Color.swift */; };
		2839638E24FDC884001AF3F3 /* WidgetKit.framework in Frameworks */ = {isa = PBXBuildFile; fileRef = 2839638D24FDC884001AF3F3 /* WidgetKit.framework */; };
		2839639024FDC884001AF3F3 /* SwiftUI.framework in Frameworks */ = {isa = PBXBuildFile; fileRef = 2839638F24FDC884001AF3F3 /* SwiftUI.framework */; };
		2839639324FDC884001AF3F3 /* QuickDial.swift in Sources */ = {isa = PBXBuildFile; fileRef = 2839639224FDC884001AF3F3 /* QuickDial.swift */; };
		2839639624FDC886001AF3F3 /* Assets.xcassets in Resources */ = {isa = PBXBuildFile; fileRef = 2839639524FDC886001AF3F3 /* Assets.xcassets */; };
		2839639824FDC886001AF3F3 /* QuickDial.intentdefinition in Sources */ = {isa = PBXBuildFile; fileRef = 2839639424FDC884001AF3F3 /* QuickDial.intentdefinition */; };
		2839639924FDC886001AF3F3 /* QuickDial.intentdefinition in Sources */ = {isa = PBXBuildFile; fileRef = 2839639424FDC884001AF3F3 /* QuickDial.intentdefinition */; };
		2839639C24FDC886001AF3F3 /* QuickDialExtension.appex in Embed App Extensions */ = {isa = PBXBuildFile; fileRef = 2839638B24FDC884001AF3F3 /* QuickDialExtension.appex */; settings = {ATTRIBUTES = (RemoveHeadersOnCopy, ); }; };
		283963A124FDCA00001AF3F3 /* Action.swift in Sources */ = {isa = PBXBuildFile; fileRef = 286376F924496F72005AFB9D /* Action.swift */; };
		283963A224FDCA12001AF3F3 /* ActionType.swift in Sources */ = {isa = PBXBuildFile; fileRef = 286376F1244965F0005AFB9D /* ActionType.swift */; };
		283963A324FDCA1D001AF3F3 /* ActionView.swift in Sources */ = {isa = PBXBuildFile; fileRef = 286376F324496606005AFB9D /* ActionView.swift */; };
		283963A624FDCA48001AF3F3 /* WidgetState.swift in Sources */ = {isa = PBXBuildFile; fileRef = 283963A424FDCA45001AF3F3 /* WidgetState.swift */; };
		283963A724FDCA4E001AF3F3 /* DocDirectoryBacked.swift in Sources */ = {isa = PBXBuildFile; fileRef = 281ADE1E24E853D700421C9B /* DocDirectoryBacked.swift */; };
		283963A924FDCA91001AF3F3 /* String.swift in Sources */ = {isa = PBXBuildFile; fileRef = 283963A824FDCA91001AF3F3 /* String.swift */; };
		283963AA24FDCA9C001AF3F3 /* String.swift in Sources */ = {isa = PBXBuildFile; fileRef = 283963A824FDCA91001AF3F3 /* String.swift */; };
		283963AC24FDCAD2001AF3F3 /* PhoneNumberKit in Frameworks */ = {isa = PBXBuildFile; productRef = 283963AB24FDCAD2001AF3F3 /* PhoneNumberKit */; };
		283963AE24FDCAD7001AF3F3 /* LetterAvatarKit in Frameworks */ = {isa = PBXBuildFile; productRef = 283963AD24FDCAD7001AF3F3 /* LetterAvatarKit */; };
		283963B024FDCADA001AF3F3 /* QGrid in Frameworks */ = {isa = PBXBuildFile; productRef = 283963AF24FDCADA001AF3F3 /* QGrid */; };
		283963B224FDCADD001AF3F3 /* ComposableArchitecture in Frameworks */ = {isa = PBXBuildFile; productRef = 283963B124FDCADD001AF3F3 /* ComposableArchitecture */; };
		283963B424FDD036001AF3F3 /* EmptyLaunchCell.swift in Sources */ = {isa = PBXBuildFile; fileRef = 28B7535A24F5838F0072B949 /* EmptyLaunchCell.swift */; };
		283963B524FDD039001AF3F3 /* LaunchCell.swift in Sources */ = {isa = PBXBuildFile; fileRef = 286376F524496626005AFB9D /* LaunchCell.swift */; };
		283963B624FDD03C001AF3F3 /* CellLaunchable.swift in Sources */ = {isa = PBXBuildFile; fileRef = 28D17DBF24F59C7A00AE67F0 /* CellLaunchable.swift */; };
		283963B724FDD049001AF3F3 /* ShortcutImageView.swift in Sources */ = {isa = PBXBuildFile; fileRef = 28B1E615245792F4003BB570 /* ShortcutImageView.swift */; };
		283963B824FDD051001AF3F3 /* Colors.swift in Sources */ = {isa = PBXBuildFile; fileRef = 28B7535C24F5840A0072B949 /* Colors.swift */; };
		283963B924FDD05D001AF3F3 /* UIImage+Color.swift in Sources */ = {isa = PBXBuildFile; fileRef = 28388A0A24C8F9870008AE7F /* UIImage+Color.swift */; };
		283FE51F2502C0F0003CBB8F /* ConfigurationDataCell.swift in Sources */ = {isa = PBXBuildFile; fileRef = 283FE51E2502C0F0003CBB8F /* ConfigurationDataCell.swift */; };
		283FE5242502E66B003CBB8F /* CNContact.swift in Sources */ = {isa = PBXBuildFile; fileRef = 283FE5232502E66B003CBB8F /* CNContact.swift */; };
		283FE5252502E66B003CBB8F /* CNContact.swift in Sources */ = {isa = PBXBuildFile; fileRef = 283FE5232502E66B003CBB8F /* CNContact.swift */; };
		283FE5272502E687003CBB8F /* UIImage.swift in Sources */ = {isa = PBXBuildFile; fileRef = 283FE5262502E687003CBB8F /* UIImage.swift */; };
		283FE5282502E687003CBB8F /* UIImage.swift in Sources */ = {isa = PBXBuildFile; fileRef = 283FE5262502E687003CBB8F /* UIImage.swift */; };
		2840C64824490FA500DB6BAA /* AppDelegate.swift in Sources */ = {isa = PBXBuildFile; fileRef = 2840C64724490FA500DB6BAA /* AppDelegate.swift */; };
		2840C64A24490FA500DB6BAA /* SceneDelegate.swift in Sources */ = {isa = PBXBuildFile; fileRef = 2840C64924490FA500DB6BAA /* SceneDelegate.swift */; };
		2840C64C24490FA500DB6BAA /* HomeView.swift in Sources */ = {isa = PBXBuildFile; fileRef = 2840C64B24490FA500DB6BAA /* HomeView.swift */; };
		2840C64E24490FA600DB6BAA /* Assets.xcassets in Resources */ = {isa = PBXBuildFile; fileRef = 2840C64D24490FA600DB6BAA /* Assets.xcassets */; };
		2840C65124490FA600DB6BAA /* Preview Assets.xcassets in Resources */ = {isa = PBXBuildFile; fileRef = 2840C65024490FA600DB6BAA /* Preview Assets.xcassets */; };
		2840C65424490FA600DB6BAA /* LaunchScreen.storyboard in Resources */ = {isa = PBXBuildFile; fileRef = 2840C65224490FA600DB6BAA /* LaunchScreen.storyboard */; };
		2848675524FDFA530067490D /* ActionWidgetResizable.swift in Sources */ = {isa = PBXBuildFile; fileRef = 2848675324FDFA3A0067490D /* ActionWidgetResizable.swift */; };
		284A81B52510744D0057E725 /* WidgetConfigurationView.swift in Sources */ = {isa = PBXBuildFile; fileRef = 284A81B42510744D0057E725 /* WidgetConfigurationView.swift */; };
		286376F2244965F0005AFB9D /* ActionType.swift in Sources */ = {isa = PBXBuildFile; fileRef = 286376F1244965F0005AFB9D /* ActionType.swift */; };
		286376F424496606005AFB9D /* ActionView.swift in Sources */ = {isa = PBXBuildFile; fileRef = 286376F324496606005AFB9D /* ActionView.swift */; };
		286376F624496626005AFB9D /* LaunchCell.swift in Sources */ = {isa = PBXBuildFile; fileRef = 286376F524496626005AFB9D /* LaunchCell.swift */; };
		286376FA24496F72005AFB9D /* Action.swift in Sources */ = {isa = PBXBuildFile; fileRef = 286376F924496F72005AFB9D /* Action.swift */; };
		2865238624FEFADF00B53714 /* URL.swift in Sources */ = {isa = PBXBuildFile; fileRef = 2865238524FEFADF00B53714 /* URL.swift */; };
		2865238724FEFADF00B53714 /* URL.swift in Sources */ = {isa = PBXBuildFile; fileRef = 2865238524FEFADF00B53714 /* URL.swift */; };
		2879EB9724526B5F00992E08 /* PhoneNumberKit in Frameworks */ = {isa = PBXBuildFile; productRef = 2879EB9624526B5F00992E08 /* PhoneNumberKit */; };
		2879EB9924526D0800992E08 /* PhoneNumberMetadata.json in Resources */ = {isa = PBXBuildFile; fileRef = 2879EB9824526D0800992E08 /* PhoneNumberMetadata.json */; };
		287AD885244E4D9100DA4F46 /* ConfigurationView.swift in Sources */ = {isa = PBXBuildFile; fileRef = 287AD884244E4D9100DA4F46 /* ConfigurationView.swift */; };
		287AD889244E4FF100DA4F46 /* EmbeddedContactPicker.swift in Sources */ = {isa = PBXBuildFile; fileRef = 287AD888244E4FF100DA4F46 /* EmbeddedContactPicker.swift */; };
		2882260925103F9300BD01A4 /* SlidingCard.swift in Sources */ = {isa = PBXBuildFile; fileRef = 2882260825103F9300BD01A4 /* SlidingCard.swift */; };
		28853BA0250D596800C0D0F7 /* Localizable.strings in Resources */ = {isa = PBXBuildFile; fileRef = 28853BA3250D596800C0D0F7 /* Localizable.strings */; };
		28853BA1250D596800C0D0F7 /* Localizable.strings in Resources */ = {isa = PBXBuildFile; fileRef = 28853BA3250D596800C0D0F7 /* Localizable.strings */; };
		28AC97F124FDC02E003CE354 /* actions.json in Resources */ = {isa = PBXBuildFile; fileRef = 28AC97F024FDC02E003CE354 /* actions.json */; };
		28B1E616245792F4003BB570 /* ShortcutImageView.swift in Sources */ = {isa = PBXBuildFile; fileRef = 28B1E615245792F4003BB570 /* ShortcutImageView.swift */; };
		28B7535B24F5838F0072B949 /* EmptyLaunchCell.swift in Sources */ = {isa = PBXBuildFile; fileRef = 28B7535A24F5838F0072B949 /* EmptyLaunchCell.swift */; };
		28B7535D24F5840A0072B949 /* Colors.swift in Sources */ = {isa = PBXBuildFile; fileRef = 28B7535C24F5840A0072B949 /* Colors.swift */; };
		28BF0F8424511D3E004C68D8 /* LetterAvatarKit in Frameworks */ = {isa = PBXBuildFile; productRef = 28BF0F8324511D3E004C68D8 /* LetterAvatarKit */; };
		28C9177B245A49EE007A9AAA /* ImagePicker.swift in Sources */ = {isa = PBXBuildFile; fileRef = 28C9177A245A49EE007A9AAA /* ImagePicker.swift */; };
		28D0E58325143F2D002E1EEC /* View.swift in Sources */ = {isa = PBXBuildFile; fileRef = 28D0E58225143F2D002E1EEC /* View.swift */; };
		28D0E58825144339002E1EEC /* WidgetSize.swift in Sources */ = {isa = PBXBuildFile; fileRef = 28D0E58725144339002E1EEC /* WidgetSize.swift */; };
		28D0E58925144339002E1EEC /* WidgetSize.swift in Sources */ = {isa = PBXBuildFile; fileRef = 28D0E58725144339002E1EEC /* WidgetSize.swift */; };
		28D17DC024F59C7A00AE67F0 /* CellLaunchable.swift in Sources */ = {isa = PBXBuildFile; fileRef = 28D17DBF24F59C7A00AE67F0 /* CellLaunchable.swift */; };
		28D90C6C24FDDC2C00A5B04B /* PhoneNumberMetadata.json in Resources */ = {isa = PBXBuildFile; fileRef = 2879EB9824526D0800992E08 /* PhoneNumberMetadata.json */; };
		28EB23972509847B00E6C46B /* Colors.xcassets in Resources */ = {isa = PBXBuildFile; fileRef = 28EB23962509847B00E6C46B /* Colors.xcassets */; };
		28EB23982509847B00E6C46B /* Colors.xcassets in Resources */ = {isa = PBXBuildFile; fileRef = 28EB23962509847B00E6C46B /* Colors.xcassets */; };
/* End PBXBuildFile section */

/* Begin PBXContainerItemProxy section */
		280C45B924E628D60098E17A /* PBXContainerItemProxy */ = {
			isa = PBXContainerItemProxy;
			containerPortal = 2840C63C24490FA500DB6BAA /* Project object */;
			proxyType = 1;
			remoteGlobalIDString = 2840C64324490FA500DB6BAA;
			remoteInfo = SpeedLaunch;
		};
		2839639A24FDC886001AF3F3 /* PBXContainerItemProxy */ = {
			isa = PBXContainerItemProxy;
			containerPortal = 2840C63C24490FA500DB6BAA /* Project object */;
			proxyType = 1;
			remoteGlobalIDString = 2839638A24FDC884001AF3F3;
			remoteInfo = QuickDialExtension;
		};
/* End PBXContainerItemProxy section */

/* Begin PBXCopyFilesBuildPhase section */
		2839639D24FDC886001AF3F3 /* Embed App Extensions */ = {
			isa = PBXCopyFilesBuildPhase;
			buildActionMask = 2147483647;
			dstPath = "";
			dstSubfolderSpec = 13;
			files = (
				2839639C24FDC886001AF3F3 /* QuickDialExtension.appex in Embed App Extensions */,
			);
			name = "Embed App Extensions";
			runOnlyForDeploymentPostprocessing = 0;
		};
/* End PBXCopyFilesBuildPhase section */

/* Begin PBXFileReference section */
		280A0D0C25059BEA00823A35 /* URLSchemeActions.swift */ = {isa = PBXFileReference; lastKnownFileType = sourcecode.swift; path = URLSchemeActions.swift; sourceTree = "<group>"; };
		280C45AD24E628620098E17A /* ActionStoreTest.swift */ = {isa = PBXFileReference; lastKnownFileType = sourcecode.swift; path = ActionStoreTest.swift; sourceTree = "<group>"; };
		280C45B424E628D60098E17A /* SpeedLaunchTests.xctest */ = {isa = PBXFileReference; explicitFileType = wrapper.cfbundle; includeInIndex = 0; path = SpeedLaunchTests.xctest; sourceTree = BUILT_PRODUCTS_DIR; };
		280C45B624E628D60098E17A /* SpeedLaunchTests.swift */ = {isa = PBXFileReference; lastKnownFileType = sourcecode.swift; path = SpeedLaunchTests.swift; sourceTree = "<group>"; };
		280C45B824E628D60098E17A /* Info.plist */ = {isa = PBXFileReference; lastKnownFileType = text.plist.xml; path = Info.plist; sourceTree = "<group>"; };
		2814F4C5250AE2E3006F41EE /* UIImage+Resize.swift */ = {isa = PBXFileReference; lastKnownFileType = sourcecode.swift; path = "UIImage+Resize.swift"; sourceTree = "<group>"; };
		281ADE1E24E853D700421C9B /* DocDirectoryBacked.swift */ = {isa = PBXFileReference; lastKnownFileType = sourcecode.swift; path = DocDirectoryBacked.swift; sourceTree = "<group>"; };
		281ADE2024E8540D00421C9B /* StateManagement.swift */ = {isa = PBXFileReference; lastKnownFileType = sourcecode.swift; path = StateManagement.swift; sourceTree = "<group>"; };
		28388A0A24C8F9870008AE7F /* UIImage+Color.swift */ = {isa = PBXFileReference; lastKnownFileType = sourcecode.swift; path = "UIImage+Color.swift"; sourceTree = "<group>"; };
		2839638B24FDC884001AF3F3 /* QuickDialExtension.appex */ = {isa = PBXFileReference; explicitFileType = "wrapper.app-extension"; includeInIndex = 0; path = QuickDialExtension.appex; sourceTree = BUILT_PRODUCTS_DIR; };
		2839638D24FDC884001AF3F3 /* WidgetKit.framework */ = {isa = PBXFileReference; lastKnownFileType = wrapper.framework; name = WidgetKit.framework; path = System/Library/Frameworks/WidgetKit.framework; sourceTree = SDKROOT; };
		2839638F24FDC884001AF3F3 /* SwiftUI.framework */ = {isa = PBXFileReference; lastKnownFileType = wrapper.framework; name = SwiftUI.framework; path = System/Library/Frameworks/SwiftUI.framework; sourceTree = SDKROOT; };
		2839639224FDC884001AF3F3 /* QuickDial.swift */ = {isa = PBXFileReference; lastKnownFileType = sourcecode.swift; path = QuickDial.swift; sourceTree = "<group>"; };
		2839639424FDC884001AF3F3 /* QuickDial.intentdefinition */ = {isa = PBXFileReference; lastKnownFileType = file.intentdefinition; path = QuickDial.intentdefinition; sourceTree = "<group>"; };
		2839639524FDC886001AF3F3 /* Assets.xcassets */ = {isa = PBXFileReference; lastKnownFileType = folder.assetcatalog; path = Assets.xcassets; sourceTree = "<group>"; };
		2839639724FDC886001AF3F3 /* Info.plist */ = {isa = PBXFileReference; lastKnownFileType = text.plist.xml; path = Info.plist; sourceTree = "<group>"; };
		283963A424FDCA45001AF3F3 /* WidgetState.swift */ = {isa = PBXFileReference; lastKnownFileType = sourcecode.swift; path = WidgetState.swift; sourceTree = "<group>"; };
		283963A824FDCA91001AF3F3 /* String.swift */ = {isa = PBXFileReference; lastKnownFileType = sourcecode.swift; path = String.swift; sourceTree = "<group>"; };
		283963B324FDCD5C001AF3F3 /* SpeedLaunch.entitlements */ = {isa = PBXFileReference; lastKnownFileType = text.plist.entitlements; path = SpeedLaunch.entitlements; sourceTree = "<group>"; };
		283FE51E2502C0F0003CBB8F /* ConfigurationDataCell.swift */ = {isa = PBXFileReference; lastKnownFileType = sourcecode.swift; path = ConfigurationDataCell.swift; sourceTree = "<group>"; };
		283FE5232502E66B003CBB8F /* CNContact.swift */ = {isa = PBXFileReference; lastKnownFileType = sourcecode.swift; path = CNContact.swift; sourceTree = "<group>"; };
		283FE5262502E687003CBB8F /* UIImage.swift */ = {isa = PBXFileReference; lastKnownFileType = sourcecode.swift; path = UIImage.swift; sourceTree = "<group>"; };
		2840C64424490FA500DB6BAA /* SpeedLaunch.app */ = {isa = PBXFileReference; explicitFileType = wrapper.application; includeInIndex = 0; path = SpeedLaunch.app; sourceTree = BUILT_PRODUCTS_DIR; };
		2840C64724490FA500DB6BAA /* AppDelegate.swift */ = {isa = PBXFileReference; lastKnownFileType = sourcecode.swift; path = AppDelegate.swift; sourceTree = "<group>"; };
		2840C64924490FA500DB6BAA /* SceneDelegate.swift */ = {isa = PBXFileReference; lastKnownFileType = sourcecode.swift; path = SceneDelegate.swift; sourceTree = "<group>"; };
		2840C64B24490FA500DB6BAA /* HomeView.swift */ = {isa = PBXFileReference; lastKnownFileType = sourcecode.swift; path = HomeView.swift; sourceTree = "<group>"; };
		2840C64D24490FA600DB6BAA /* Assets.xcassets */ = {isa = PBXFileReference; lastKnownFileType = folder.assetcatalog; path = Assets.xcassets; sourceTree = "<group>"; };
		2840C65024490FA600DB6BAA /* Preview Assets.xcassets */ = {isa = PBXFileReference; lastKnownFileType = folder.assetcatalog; path = "Preview Assets.xcassets"; sourceTree = "<group>"; };
		2840C65324490FA600DB6BAA /* Base */ = {isa = PBXFileReference; lastKnownFileType = file.storyboard; name = Base; path = Base.lproj/LaunchScreen.storyboard; sourceTree = "<group>"; };
		2840C65524490FA600DB6BAA /* Info.plist */ = {isa = PBXFileReference; lastKnownFileType = text.plist.xml; path = Info.plist; sourceTree = "<group>"; };
		2848675324FDFA3A0067490D /* ActionWidgetResizable.swift */ = {isa = PBXFileReference; lastKnownFileType = sourcecode.swift; path = ActionWidgetResizable.swift; sourceTree = "<group>"; };
		284A81B42510744D0057E725 /* WidgetConfigurationView.swift */ = {isa = PBXFileReference; lastKnownFileType = sourcecode.swift; path = WidgetConfigurationView.swift; sourceTree = "<group>"; };
		286376F1244965F0005AFB9D /* ActionType.swift */ = {isa = PBXFileReference; lastKnownFileType = sourcecode.swift; path = ActionType.swift; sourceTree = "<group>"; };
		286376F324496606005AFB9D /* ActionView.swift */ = {isa = PBXFileReference; lastKnownFileType = sourcecode.swift; path = ActionView.swift; sourceTree = "<group>"; };
		286376F524496626005AFB9D /* LaunchCell.swift */ = {isa = PBXFileReference; lastKnownFileType = sourcecode.swift; path = LaunchCell.swift; sourceTree = "<group>"; };
		286376F924496F72005AFB9D /* Action.swift */ = {isa = PBXFileReference; lastKnownFileType = sourcecode.swift; path = Action.swift; sourceTree = "<group>"; };
		2865238524FEFADF00B53714 /* URL.swift */ = {isa = PBXFileReference; lastKnownFileType = sourcecode.swift; path = URL.swift; sourceTree = "<group>"; };
		2879EB9824526D0800992E08 /* PhoneNumberMetadata.json */ = {isa = PBXFileReference; lastKnownFileType = text.json; path = PhoneNumberMetadata.json; sourceTree = "<group>"; };
		287AD884244E4D9100DA4F46 /* ConfigurationView.swift */ = {isa = PBXFileReference; lastKnownFileType = sourcecode.swift; path = ConfigurationView.swift; sourceTree = "<group>"; };
		287AD888244E4FF100DA4F46 /* EmbeddedContactPicker.swift */ = {isa = PBXFileReference; lastKnownFileType = sourcecode.swift; path = EmbeddedContactPicker.swift; sourceTree = "<group>"; };
		2882260825103F9300BD01A4 /* SlidingCard.swift */ = {isa = PBXFileReference; lastKnownFileType = sourcecode.swift; path = SlidingCard.swift; sourceTree = "<group>"; };
		28853B94250D58AF00C0D0F7 /* ja */ = {isa = PBXFileReference; lastKnownFileType = text.plist.strings; name = ja; path = ja.lproj/LaunchScreen.strings; sourceTree = "<group>"; };
		28853B95250D58B700C0D0F7 /* zh-Hans */ = {isa = PBXFileReference; lastKnownFileType = text.plist.strings; name = "zh-Hans"; path = "zh-Hans.lproj/LaunchScreen.strings"; sourceTree = "<group>"; };
		28853B96250D58C600C0D0F7 /* hi */ = {isa = PBXFileReference; lastKnownFileType = text.plist.strings; name = hi; path = hi.lproj/LaunchScreen.strings; sourceTree = "<group>"; };
		28853B97250D58CC00C0D0F7 /* ru */ = {isa = PBXFileReference; lastKnownFileType = text.plist.strings; name = ru; path = ru.lproj/LaunchScreen.strings; sourceTree = "<group>"; };
		28853B98250D58D200C0D0F7 /* ko */ = {isa = PBXFileReference; lastKnownFileType = text.plist.strings; name = ko; path = ko.lproj/LaunchScreen.strings; sourceTree = "<group>"; };
		28853B99250D58D600C0D0F7 /* de */ = {isa = PBXFileReference; lastKnownFileType = text.plist.strings; name = de; path = de.lproj/LaunchScreen.strings; sourceTree = "<group>"; };
		28853B9A250D58E100C0D0F7 /* es */ = {isa = PBXFileReference; lastKnownFileType = text.plist.strings; name = es; path = es.lproj/LaunchScreen.strings; sourceTree = "<group>"; };
		28853B9B250D58E500C0D0F7 /* pt-BR */ = {isa = PBXFileReference; lastKnownFileType = text.plist.strings; name = "pt-BR"; path = "pt-BR.lproj/LaunchScreen.strings"; sourceTree = "<group>"; };
		28853B9C250D58F100C0D0F7 /* id */ = {isa = PBXFileReference; lastKnownFileType = text.plist.strings; name = id; path = id.lproj/LaunchScreen.strings; sourceTree = "<group>"; };
		28853BA2250D596800C0D0F7 /* en */ = {isa = PBXFileReference; lastKnownFileType = text.plist.strings; name = en; path = en.lproj/Localizable.strings; sourceTree = "<group>"; };
		28AC97F024FDC02E003CE354 /* actions.json */ = {isa = PBXFileReference; fileEncoding = 4; lastKnownFileType = text.json; path = actions.json; sourceTree = "<group>"; };
		28B1E615245792F4003BB570 /* ShortcutImageView.swift */ = {isa = PBXFileReference; lastKnownFileType = sourcecode.swift; path = ShortcutImageView.swift; sourceTree = "<group>"; };
		28B7535A24F5838F0072B949 /* EmptyLaunchCell.swift */ = {isa = PBXFileReference; lastKnownFileType = sourcecode.swift; path = EmptyLaunchCell.swift; sourceTree = "<group>"; };
		28B7535C24F5840A0072B949 /* Colors.swift */ = {isa = PBXFileReference; lastKnownFileType = sourcecode.swift; path = Colors.swift; sourceTree = "<group>"; };
		28C9177A245A49EE007A9AAA /* ImagePicker.swift */ = {isa = PBXFileReference; lastKnownFileType = sourcecode.swift; path = ImagePicker.swift; sourceTree = "<group>"; };
		28D0E58225143F2D002E1EEC /* View.swift */ = {isa = PBXFileReference; lastKnownFileType = sourcecode.swift; path = View.swift; sourceTree = "<group>"; };
		28D0E58725144339002E1EEC /* WidgetSize.swift */ = {isa = PBXFileReference; lastKnownFileType = sourcecode.swift; path = WidgetSize.swift; sourceTree = "<group>"; };
		28D17DBF24F59C7A00AE67F0 /* CellLaunchable.swift */ = {isa = PBXFileReference; lastKnownFileType = sourcecode.swift; path = CellLaunchable.swift; sourceTree = "<group>"; };
		28D90C6B24FDD3CB00A5B04B /* QuickDialExtension.entitlements */ = {isa = PBXFileReference; lastKnownFileType = text.plist.entitlements; path = QuickDialExtension.entitlements; sourceTree = "<group>"; };
		28EB23962509847B00E6C46B /* Colors.xcassets */ = {isa = PBXFileReference; lastKnownFileType = folder.assetcatalog; path = Colors.xcassets; sourceTree = "<group>"; };
/* End PBXFileReference section */

/* Begin PBXFrameworksBuildPhase section */
		280C45B124E628D60098E17A /* Frameworks */ = {
			isa = PBXFrameworksBuildPhase;
			buildActionMask = 2147483647;
			files = (
			);
			runOnlyForDeploymentPostprocessing = 0;
		};
		2839638824FDC884001AF3F3 /* Frameworks */ = {
			isa = PBXFrameworksBuildPhase;
			buildActionMask = 2147483647;
			files = (
				283963B024FDCADA001AF3F3 /* QGrid in Frameworks */,
				283963AC24FDCAD2001AF3F3 /* PhoneNumberKit in Frameworks */,
				283963B224FDCADD001AF3F3 /* ComposableArchitecture in Frameworks */,
				2839639024FDC884001AF3F3 /* SwiftUI.framework in Frameworks */,
				283963AE24FDCAD7001AF3F3 /* LetterAvatarKit in Frameworks */,
				2839638E24FDC884001AF3F3 /* WidgetKit.framework in Frameworks */,
			);
			runOnlyForDeploymentPostprocessing = 0;
		};
		2840C64124490FA500DB6BAA /* Frameworks */ = {
			isa = PBXFrameworksBuildPhase;
			buildActionMask = 2147483647;
			files = (
				28388A0924C8F5060008AE7F /* QGrid in Frameworks */,
				28BF0F8424511D3E004C68D8 /* LetterAvatarKit in Frameworks */,
				281ADE1C24E84B7900421C9B /* ComposableArchitecture in Frameworks */,
				2879EB9724526B5F00992E08 /* PhoneNumberKit in Frameworks */,
				28238B65250AD0BF00E88F7E /* WidgetKit.framework in Frameworks */,
			);
			runOnlyForDeploymentPostprocessing = 0;
		};
/* End PBXFrameworksBuildPhase section */

/* Begin PBXGroup section */
		280C45B524E628D60098E17A /* SpeedLaunchTests */ = {
			isa = PBXGroup;
			children = (
				280C45AD24E628620098E17A /* ActionStoreTest.swift */,
				280C45B624E628D60098E17A /* SpeedLaunchTests.swift */,
				280C45B824E628D60098E17A /* Info.plist */,
			);
			path = SpeedLaunchTests;
			sourceTree = "<group>";
		};
		281ADE1D24E853C600421C9B /* Storage */ = {
			isa = PBXGroup;
			children = (
				281ADE1E24E853D700421C9B /* DocDirectoryBacked.swift */,
				281ADE2024E8540D00421C9B /* StateManagement.swift */,
			);
			path = Storage;
			sourceTree = "<group>";
		};
		2839638C24FDC884001AF3F3 /* Frameworks */ = {
			isa = PBXGroup;
			children = (
				2839638D24FDC884001AF3F3 /* WidgetKit.framework */,
				2839638F24FDC884001AF3F3 /* SwiftUI.framework */,
			);
			name = Frameworks;
			sourceTree = "<group>";
		};
		2839639124FDC884001AF3F3 /* QuickDial */ = {
			isa = PBXGroup;
			children = (
				283963A424FDCA45001AF3F3 /* WidgetState.swift */,
				2839639224FDC884001AF3F3 /* QuickDial.swift */,
				2839639424FDC884001AF3F3 /* QuickDial.intentdefinition */,
				2839639524FDC886001AF3F3 /* Assets.xcassets */,
				2839639724FDC886001AF3F3 /* Info.plist */,
				2848675324FDFA3A0067490D /* ActionWidgetResizable.swift */,
			);
			path = QuickDial;
			sourceTree = "<group>";
		};
		283FE5202502C530003CBB8F /* Configuration */ = {
			isa = PBXGroup;
			children = (
				287AD884244E4D9100DA4F46 /* ConfigurationView.swift */,
				283FE51E2502C0F0003CBB8F /* ConfigurationDataCell.swift */,
			);
			path = Configuration;
			sourceTree = "<group>";
		};
		283FE5212502E615003CBB8F /* Views */ = {
			isa = PBXGroup;
			children = (
				28D17DBE24F59B8400AE67F0 /* ActionCells */,
				28B1E615245792F4003BB570 /* ShortcutImageView.swift */,
				286376F324496606005AFB9D /* ActionView.swift */,
				2882260825103F9300BD01A4 /* SlidingCard.swift */,
				284A81B42510744D0057E725 /* WidgetConfigurationView.swift */,
			);
			path = Views;
			sourceTree = "<group>";
		};
		283FE5222502E61E003CBB8F /* Model */ = {
			isa = PBXGroup;
			children = (
				286376F1244965F0005AFB9D /* ActionType.swift */,
				286376F924496F72005AFB9D /* Action.swift */,
			);
			path = Model;
			sourceTree = "<group>";
		};
		2840C63B24490FA500DB6BAA = {
			isa = PBXGroup;
			children = (
				28853BA3250D596800C0D0F7 /* Localizable.strings */,
				28EB23962509847B00E6C46B /* Colors.xcassets */,
				28D90C6B24FDD3CB00A5B04B /* QuickDialExtension.entitlements */,
				2840C64624490FA500DB6BAA /* SpeedLaunch */,
				280C45B524E628D60098E17A /* SpeedLaunchTests */,
				2839639124FDC884001AF3F3 /* QuickDial */,
				2839638C24FDC884001AF3F3 /* Frameworks */,
				2840C64524490FA500DB6BAA /* Products */,
			);
			sourceTree = "<group>";
		};
		2840C64524490FA500DB6BAA /* Products */ = {
			isa = PBXGroup;
			children = (
				2840C64424490FA500DB6BAA /* SpeedLaunch.app */,
				280C45B424E628D60098E17A /* SpeedLaunchTests.xctest */,
				2839638B24FDC884001AF3F3 /* QuickDialExtension.appex */,
			);
			name = Products;
			sourceTree = "<group>";
		};
		2840C64624490FA500DB6BAA /* SpeedLaunch */ = {
			isa = PBXGroup;
			children = (
				283963B324FDCD5C001AF3F3 /* SpeedLaunch.entitlements */,
				2840C64724490FA500DB6BAA /* AppDelegate.swift */,
				2840C64924490FA500DB6BAA /* SceneDelegate.swift */,
				281ADE1D24E853C600421C9B /* Storage */,
				28B7535E24F584120072B949 /* Helpers */,
				283FE5202502C530003CBB8F /* Configuration */,
				283FE5222502E61E003CBB8F /* Model */,
				283FE5212502E615003CBB8F /* Views */,
				2840C64B24490FA500DB6BAA /* HomeView.swift */,
				28C9177C245A4DB4007A9AAA /* From UIKit */,
				2840C64D24490FA600DB6BAA /* Assets.xcassets */,
				2840C65224490FA600DB6BAA /* LaunchScreen.storyboard */,
				2840C65524490FA600DB6BAA /* Info.plist */,
				2840C64F24490FA600DB6BAA /* Preview Content */,
				2879EB9824526D0800992E08 /* PhoneNumberMetadata.json */,
				28AC97F024FDC02E003CE354 /* actions.json */,
				28388A0A24C8F9870008AE7F /* UIImage+Color.swift */,
			);
			path = SpeedLaunch;
			sourceTree = "<group>";
		};
		2840C64F24490FA600DB6BAA /* Preview Content */ = {
			isa = PBXGroup;
			children = (
				2840C65024490FA600DB6BAA /* Preview Assets.xcassets */,
			);
			path = "Preview Content";
			sourceTree = "<group>";
		};
		28B7535E24F584120072B949 /* Helpers */ = {
			isa = PBXGroup;
			children = (
				28B7535C24F5840A0072B949 /* Colors.swift */,
				283963A824FDCA91001AF3F3 /* String.swift */,
				2865238524FEFADF00B53714 /* URL.swift */,
				283FE5232502E66B003CBB8F /* CNContact.swift */,
				283FE5262502E687003CBB8F /* UIImage.swift */,
				280A0D0C25059BEA00823A35 /* URLSchemeActions.swift */,
				2814F4C5250AE2E3006F41EE /* UIImage+Resize.swift */,
				28D0E58225143F2D002E1EEC /* View.swift */,
				28D0E58725144339002E1EEC /* WidgetSize.swift */,
			);
			path = Helpers;
			sourceTree = "<group>";
		};
		28C9177C245A4DB4007A9AAA /* From UIKit */ = {
			isa = PBXGroup;
			children = (
				28C9177A245A49EE007A9AAA /* ImagePicker.swift */,
				287AD888244E4FF100DA4F46 /* EmbeddedContactPicker.swift */,
			);
			path = "From UIKit";
			sourceTree = "<group>";
		};
		28D17DBE24F59B8400AE67F0 /* ActionCells */ = {
			isa = PBXGroup;
			children = (
				28B7535A24F5838F0072B949 /* EmptyLaunchCell.swift */,
				286376F524496626005AFB9D /* LaunchCell.swift */,
				28D17DBF24F59C7A00AE67F0 /* CellLaunchable.swift */,
			);
			path = ActionCells;
			sourceTree = "<group>";
		};
/* End PBXGroup section */

/* Begin PBXNativeTarget section */
		280C45B324E628D60098E17A /* SpeedLaunchTests */ = {
			isa = PBXNativeTarget;
			buildConfigurationList = 280C45BB24E628D60098E17A /* Build configuration list for PBXNativeTarget "SpeedLaunchTests" */;
			buildPhases = (
				280C45B024E628D60098E17A /* Sources */,
				280C45B124E628D60098E17A /* Frameworks */,
				280C45B224E628D60098E17A /* Resources */,
			);
			buildRules = (
			);
			dependencies = (
				280C45BA24E628D60098E17A /* PBXTargetDependency */,
			);
			name = SpeedLaunchTests;
			productName = SpeedLaunchTests;
			productReference = 280C45B424E628D60098E17A /* SpeedLaunchTests.xctest */;
			productType = "com.apple.product-type.bundle.unit-test";
		};
		2839638A24FDC884001AF3F3 /* QuickDialExtension */ = {
			isa = PBXNativeTarget;
			buildConfigurationList = 283963A024FDC886001AF3F3 /* Build configuration list for PBXNativeTarget "QuickDialExtension" */;
			buildPhases = (
				2839638724FDC884001AF3F3 /* Sources */,
				2839638824FDC884001AF3F3 /* Frameworks */,
				2839638924FDC884001AF3F3 /* Resources */,
			);
			buildRules = (
			);
			dependencies = (
			);
			name = QuickDialExtension;
			packageProductDependencies = (
				283963AB24FDCAD2001AF3F3 /* PhoneNumberKit */,
				283963AD24FDCAD7001AF3F3 /* LetterAvatarKit */,
				283963AF24FDCADA001AF3F3 /* QGrid */,
				283963B124FDCADD001AF3F3 /* ComposableArchitecture */,
			);
			productName = QuickDialExtension;
			productReference = 2839638B24FDC884001AF3F3 /* QuickDialExtension.appex */;
			productType = "com.apple.product-type.app-extension";
		};
		2840C64324490FA500DB6BAA /* SpeedLaunch */ = {
			isa = PBXNativeTarget;
			buildConfigurationList = 2840C65824490FA600DB6BAA /* Build configuration list for PBXNativeTarget "SpeedLaunch" */;
			buildPhases = (
				2840C64024490FA500DB6BAA /* Sources */,
				2840C64124490FA500DB6BAA /* Frameworks */,
				2840C64224490FA500DB6BAA /* Resources */,
				2839639D24FDC886001AF3F3 /* Embed App Extensions */,
			);
			buildRules = (
			);
			dependencies = (
				2839639B24FDC886001AF3F3 /* PBXTargetDependency */,
			);
			name = SpeedLaunch;
			packageProductDependencies = (
				28BF0F8324511D3E004C68D8 /* LetterAvatarKit */,
				2879EB9624526B5F00992E08 /* PhoneNumberKit */,
				28388A0824C8F5060008AE7F /* QGrid */,
				281ADE1B24E84B7900421C9B /* ComposableArchitecture */,
			);
			productName = SpeedLaunch;
			productReference = 2840C64424490FA500DB6BAA /* SpeedLaunch.app */;
			productType = "com.apple.product-type.application";
		};
/* End PBXNativeTarget section */

/* Begin PBXProject section */
		2840C63C24490FA500DB6BAA /* Project object */ = {
			isa = PBXProject;
			attributes = {
				LastSwiftUpdateCheck = 1200;
				LastUpgradeCheck = 1130;
				ORGANIZATIONNAME = "Undertide LLP";
				TargetAttributes = {
					280C45B324E628D60098E17A = {
						CreatedOnToolsVersion = 12.0;
						TestTargetID = 2840C64324490FA500DB6BAA;
					};
					2839638A24FDC884001AF3F3 = {
						CreatedOnToolsVersion = 12.0;
					};
					2840C64324490FA500DB6BAA = {
						CreatedOnToolsVersion = 11.3.1;
					};
				};
			};
			buildConfigurationList = 2840C63F24490FA500DB6BAA /* Build configuration list for PBXProject "SpeedLaunch" */;
			compatibilityVersion = "Xcode 9.3";
			developmentRegion = en;
			hasScannedForEncodings = 0;
			knownRegions = (
				en,
				Base,
				ja,
				"zh-Hans",
				hi,
				ru,
				ko,
				de,
				es,
				"pt-BR",
				id,
			);
			mainGroup = 2840C63B24490FA500DB6BAA;
			packageReferences = (
				28BF0F8224511D3E004C68D8 /* XCRemoteSwiftPackageReference "LetterAvatarKit" */,
				2879EB9524526B5F00992E08 /* XCRemoteSwiftPackageReference "PhoneNumberKit" */,
				28388A0724C8F5060008AE7F /* XCRemoteSwiftPackageReference "QGrid" */,
				281ADE1A24E84B7900421C9B /* XCRemoteSwiftPackageReference "swift-composable-architecture" */,
			);
			productRefGroup = 2840C64524490FA500DB6BAA /* Products */;
			projectDirPath = "";
			projectRoot = "";
			targets = (
				2840C64324490FA500DB6BAA /* SpeedLaunch */,
				280C45B324E628D60098E17A /* SpeedLaunchTests */,
				2839638A24FDC884001AF3F3 /* QuickDialExtension */,
			);
		};
/* End PBXProject section */

/* Begin PBXResourcesBuildPhase section */
		280C45B224E628D60098E17A /* Resources */ = {
			isa = PBXResourcesBuildPhase;
			buildActionMask = 2147483647;
			files = (
			);
			runOnlyForDeploymentPostprocessing = 0;
		};
		2839638924FDC884001AF3F3 /* Resources */ = {
			isa = PBXResourcesBuildPhase;
			buildActionMask = 2147483647;
			files = (
				28EB23982509847B00E6C46B /* Colors.xcassets in Resources */,
				28853BA1250D596800C0D0F7 /* Localizable.strings in Resources */,
				28D90C6C24FDDC2C00A5B04B /* PhoneNumberMetadata.json in Resources */,
				2839639624FDC886001AF3F3 /* Assets.xcassets in Resources */,
			);
			runOnlyForDeploymentPostprocessing = 0;
		};
		2840C64224490FA500DB6BAA /* Resources */ = {
			isa = PBXResourcesBuildPhase;
			buildActionMask = 2147483647;
			files = (
				28AC97F124FDC02E003CE354 /* actions.json in Resources */,
				2879EB9924526D0800992E08 /* PhoneNumberMetadata.json in Resources */,
				2840C65424490FA600DB6BAA /* LaunchScreen.storyboard in Resources */,
				28853BA0250D596800C0D0F7 /* Localizable.strings in Resources */,
				28EB23972509847B00E6C46B /* Colors.xcassets in Resources */,
				2840C65124490FA600DB6BAA /* Preview Assets.xcassets in Resources */,
				2840C64E24490FA600DB6BAA /* Assets.xcassets in Resources */,
			);
			runOnlyForDeploymentPostprocessing = 0;
		};
/* End PBXResourcesBuildPhase section */

/* Begin PBXSourcesBuildPhase section */
		280C45B024E628D60098E17A /* Sources */ = {
			isa = PBXSourcesBuildPhase;
			buildActionMask = 2147483647;
			files = (
				280C45B724E628D60098E17A /* SpeedLaunchTests.swift in Sources */,
				280C45BE24E628DF0098E17A /* ActionStoreTest.swift in Sources */,
			);
			runOnlyForDeploymentPostprocessing = 0;
		};
		2839638724FDC884001AF3F3 /* Sources */ = {
			isa = PBXSourcesBuildPhase;
			buildActionMask = 2147483647;
			files = (
				28D0E58925144339002E1EEC /* WidgetSize.swift in Sources */,
				283963A324FDCA1D001AF3F3 /* ActionView.swift in Sources */,
				283963A624FDCA48001AF3F3 /* WidgetState.swift in Sources */,
				2839639824FDC886001AF3F3 /* QuickDial.intentdefinition in Sources */,
				283963B624FDD03C001AF3F3 /* CellLaunchable.swift in Sources */,
				283963B724FDD049001AF3F3 /* ShortcutImageView.swift in Sources */,
				283963B924FDD05D001AF3F3 /* UIImage+Color.swift in Sources */,
				283963A124FDCA00001AF3F3 /* Action.swift in Sources */,
				2865238724FEFADF00B53714 /* URL.swift in Sources */,
				283FE5252502E66B003CBB8F /* CNContact.swift in Sources */,
				283963A724FDCA4E001AF3F3 /* DocDirectoryBacked.swift in Sources */,
				2848675524FDFA530067490D /* ActionWidgetResizable.swift in Sources */,
				283963B424FDD036001AF3F3 /* EmptyLaunchCell.swift in Sources */,
				283963B824FDD051001AF3F3 /* Colors.swift in Sources */,
				2839639324FDC884001AF3F3 /* QuickDial.swift in Sources */,
				283963AA24FDCA9C001AF3F3 /* String.swift in Sources */,
				283FE5282502E687003CBB8F /* UIImage.swift in Sources */,
				283963B524FDD039001AF3F3 /* LaunchCell.swift in Sources */,
				283963A224FDCA12001AF3F3 /* ActionType.swift in Sources */,
			);
			runOnlyForDeploymentPostprocessing = 0;
		};
		2840C64024490FA500DB6BAA /* Sources */ = {
			isa = PBXSourcesBuildPhase;
			buildActionMask = 2147483647;
			files = (
				286376F424496606005AFB9D /* ActionView.swift in Sources */,
				28B7535D24F5840A0072B949 /* Colors.swift in Sources */,
				287AD885244E4D9100DA4F46 /* ConfigurationView.swift in Sources */,
				2814F4C6250AE2E3006F41EE /* UIImage+Resize.swift in Sources */,
				2865238624FEFADF00B53714 /* URL.swift in Sources */,
				28D0E58825144339002E1EEC /* WidgetSize.swift in Sources */,
				28388A0B24C8F9870008AE7F /* UIImage+Color.swift in Sources */,
				2840C64824490FA500DB6BAA /* AppDelegate.swift in Sources */,
				28C9177B245A49EE007A9AAA /* ImagePicker.swift in Sources */,
				281ADE2124E8540D00421C9B /* StateManagement.swift in Sources */,
				286376F624496626005AFB9D /* LaunchCell.swift in Sources */,
				283FE5272502E687003CBB8F /* UIImage.swift in Sources */,
				280A0D0D25059BEA00823A35 /* URLSchemeActions.swift in Sources */,
				28D0E58325143F2D002E1EEC /* View.swift in Sources */,
				281ADE1F24E853D700421C9B /* DocDirectoryBacked.swift in Sources */,
				283963A924FDCA91001AF3F3 /* String.swift in Sources */,
				283FE51F2502C0F0003CBB8F /* ConfigurationDataCell.swift in Sources */,
				28B1E616245792F4003BB570 /* ShortcutImageView.swift in Sources */,
				28B7535B24F5838F0072B949 /* EmptyLaunchCell.swift in Sources */,
				283FE5242502E66B003CBB8F /* CNContact.swift in Sources */,
				2840C64A24490FA500DB6BAA /* SceneDelegate.swift in Sources */,
				287AD889244E4FF100DA4F46 /* EmbeddedContactPicker.swift in Sources */,
				28D17DC024F59C7A00AE67F0 /* CellLaunchable.swift in Sources */,
				286376FA24496F72005AFB9D /* Action.swift in Sources */,
				2882260925103F9300BD01A4 /* SlidingCard.swift in Sources */,
				2840C64C24490FA500DB6BAA /* HomeView.swift in Sources */,
				2839639924FDC886001AF3F3 /* QuickDial.intentdefinition in Sources */,
				284A81B52510744D0057E725 /* WidgetConfigurationView.swift in Sources */,
				286376F2244965F0005AFB9D /* ActionType.swift in Sources */,
			);
			runOnlyForDeploymentPostprocessing = 0;
		};
/* End PBXSourcesBuildPhase section */

/* Begin PBXTargetDependency section */
		280C45BA24E628D60098E17A /* PBXTargetDependency */ = {
			isa = PBXTargetDependency;
			target = 2840C64324490FA500DB6BAA /* SpeedLaunch */;
			targetProxy = 280C45B924E628D60098E17A /* PBXContainerItemProxy */;
		};
		2839639B24FDC886001AF3F3 /* PBXTargetDependency */ = {
			isa = PBXTargetDependency;
			target = 2839638A24FDC884001AF3F3 /* QuickDialExtension */;
			targetProxy = 2839639A24FDC886001AF3F3 /* PBXContainerItemProxy */;
		};
/* End PBXTargetDependency section */

/* Begin PBXVariantGroup section */
		2840C65224490FA600DB6BAA /* LaunchScreen.storyboard */ = {
			isa = PBXVariantGroup;
			children = (
				2840C65324490FA600DB6BAA /* Base */,
				28853B94250D58AF00C0D0F7 /* ja */,
				28853B95250D58B700C0D0F7 /* zh-Hans */,
				28853B96250D58C600C0D0F7 /* hi */,
				28853B97250D58CC00C0D0F7 /* ru */,
				28853B98250D58D200C0D0F7 /* ko */,
				28853B99250D58D600C0D0F7 /* de */,
				28853B9A250D58E100C0D0F7 /* es */,
				28853B9B250D58E500C0D0F7 /* pt-BR */,
				28853B9C250D58F100C0D0F7 /* id */,
			);
			name = LaunchScreen.storyboard;
			sourceTree = "<group>";
		};
		28853BA3250D596800C0D0F7 /* Localizable.strings */ = {
			isa = PBXVariantGroup;
			children = (
				28853BA2250D596800C0D0F7 /* en */,
			);
			name = Localizable.strings;
			sourceTree = "<group>";
		};
/* End PBXVariantGroup section */

/* Begin XCBuildConfiguration section */
		280C45BC24E628D60098E17A /* Debug */ = {
			isa = XCBuildConfiguration;
			buildSettings = {
				BUNDLE_LOADER = "$(TEST_HOST)";
				CLANG_WARN_QUOTED_INCLUDE_IN_FRAMEWORK_HEADER = YES;
				CODE_SIGN_STYLE = Automatic;
				DEVELOPMENT_TEAM = EZ49532236;
				INFOPLIST_FILE = SpeedLaunchTests/Info.plist;
				IPHONEOS_DEPLOYMENT_TARGET = 14.0;
				LD_RUNPATH_SEARCH_PATHS = (
					"$(inherited)",
					"@executable_path/Frameworks",
					"@loader_path/Frameworks",
				);
				PRODUCT_BUNDLE_IDENTIFIER = co.undertide.SpeedLaunchTests;
				PRODUCT_NAME = "$(TARGET_NAME)";
				SWIFT_VERSION = 5.0;
				TARGETED_DEVICE_FAMILY = "1,2";
				TEST_HOST = "$(BUILT_PRODUCTS_DIR)/SpeedLaunch.app/SpeedLaunch";
			};
			name = Debug;
		};
		280C45BD24E628D60098E17A /* Release */ = {
			isa = XCBuildConfiguration;
			buildSettings = {
				BUNDLE_LOADER = "$(TEST_HOST)";
				CLANG_WARN_QUOTED_INCLUDE_IN_FRAMEWORK_HEADER = YES;
				CODE_SIGN_STYLE = Automatic;
				DEVELOPMENT_TEAM = EZ49532236;
				INFOPLIST_FILE = SpeedLaunchTests/Info.plist;
				IPHONEOS_DEPLOYMENT_TARGET = 14.0;
				LD_RUNPATH_SEARCH_PATHS = (
					"$(inherited)",
					"@executable_path/Frameworks",
					"@loader_path/Frameworks",
				);
				PRODUCT_BUNDLE_IDENTIFIER = co.undertide.SpeedLaunchTests;
				PRODUCT_NAME = "$(TARGET_NAME)";
				SWIFT_VERSION = 5.0;
				TARGETED_DEVICE_FAMILY = "1,2";
				TEST_HOST = "$(BUILT_PRODUCTS_DIR)/SpeedLaunch.app/SpeedLaunch";
			};
			name = Release;
		};
		2839639E24FDC886001AF3F3 /* Debug */ = {
			isa = XCBuildConfiguration;
			buildSettings = {
				ASSETCATALOG_COMPILER_GLOBAL_ACCENT_COLOR_NAME = AccentColor;
				ASSETCATALOG_COMPILER_WIDGET_BACKGROUND_COLOR_NAME = WidgetBackground;
				CLANG_WARN_QUOTED_INCLUDE_IN_FRAMEWORK_HEADER = YES;
				CODE_SIGN_ENTITLEMENTS = QuickDialExtension.entitlements;
				CODE_SIGN_STYLE = Automatic;
				CURRENT_PROJECT_VERSION = 4;
				DEAD_CODE_STRIPPING = NO;
				DEVELOPMENT_TEAM = EZ49532236;
				INFOPLIST_FILE = QuickDial/Info.plist;
				IPHONEOS_DEPLOYMENT_TARGET = 14.0;
				LD_RUNPATH_SEARCH_PATHS = (
					"$(inherited)",
					"@executable_path/Frameworks",
					"@executable_path/../../Frameworks",
				);
				PRODUCT_BUNDLE_IDENTIFIER = co.undertide.speedboard.QuickDial;
				PRODUCT_NAME = "$(TARGET_NAME)";
				SKIP_INSTALL = YES;
				SWIFT_VERSION = 5.0;
				TARGETED_DEVICE_FAMILY = "1,2";
			};
			name = Debug;
		};
		2839639F24FDC886001AF3F3 /* Release */ = {
			isa = XCBuildConfiguration;
			buildSettings = {
				ASSETCATALOG_COMPILER_GLOBAL_ACCENT_COLOR_NAME = AccentColor;
				ASSETCATALOG_COMPILER_WIDGET_BACKGROUND_COLOR_NAME = WidgetBackground;
				CLANG_WARN_QUOTED_INCLUDE_IN_FRAMEWORK_HEADER = YES;
				CODE_SIGN_ENTITLEMENTS = QuickDialExtension.entitlements;
				CODE_SIGN_STYLE = Automatic;
				CURRENT_PROJECT_VERSION = 4;
				DEAD_CODE_STRIPPING = NO;
				DEVELOPMENT_TEAM = EZ49532236;
				INFOPLIST_FILE = QuickDial/Info.plist;
				IPHONEOS_DEPLOYMENT_TARGET = 14.0;
				LD_RUNPATH_SEARCH_PATHS = (
					"$(inherited)",
					"@executable_path/Frameworks",
					"@executable_path/../../Frameworks",
				);
				PRODUCT_BUNDLE_IDENTIFIER = co.undertide.speedboard.QuickDial;
				PRODUCT_NAME = "$(TARGET_NAME)";
				SKIP_INSTALL = YES;
				SWIFT_VERSION = 5.0;
				TARGETED_DEVICE_FAMILY = "1,2";
			};
			name = Release;
		};
		2840C65624490FA600DB6BAA /* Debug */ = {
			isa = XCBuildConfiguration;
			buildSettings = {
				ALWAYS_SEARCH_USER_PATHS = NO;
				CLANG_ANALYZER_LOCALIZABILITY_NONLOCALIZED = YES;
				CLANG_ANALYZER_NONNULL = YES;
				CLANG_ANALYZER_NUMBER_OBJECT_CONVERSION = YES_AGGRESSIVE;
				CLANG_CXX_LANGUAGE_STANDARD = "gnu++14";
				CLANG_CXX_LIBRARY = "libc++";
				CLANG_ENABLE_MODULES = YES;
				CLANG_ENABLE_OBJC_ARC = YES;
				CLANG_ENABLE_OBJC_WEAK = YES;
				CLANG_WARN_BLOCK_CAPTURE_AUTORELEASING = YES;
				CLANG_WARN_BOOL_CONVERSION = YES;
				CLANG_WARN_COMMA = YES;
				CLANG_WARN_CONSTANT_CONVERSION = YES;
				CLANG_WARN_DEPRECATED_OBJC_IMPLEMENTATIONS = YES;
				CLANG_WARN_DIRECT_OBJC_ISA_USAGE = YES_ERROR;
				CLANG_WARN_DOCUMENTATION_COMMENTS = YES;
				CLANG_WARN_EMPTY_BODY = YES;
				CLANG_WARN_ENUM_CONVERSION = YES;
				CLANG_WARN_INFINITE_RECURSION = YES;
				CLANG_WARN_INT_CONVERSION = YES;
				CLANG_WARN_NON_LITERAL_NULL_CONVERSION = YES;
				CLANG_WARN_OBJC_IMPLICIT_RETAIN_SELF = YES;
				CLANG_WARN_OBJC_LITERAL_CONVERSION = YES;
				CLANG_WARN_OBJC_ROOT_CLASS = YES_ERROR;
				CLANG_WARN_RANGE_LOOP_ANALYSIS = YES;
				CLANG_WARN_STRICT_PROTOTYPES = YES;
				CLANG_WARN_SUSPICIOUS_MOVE = YES;
				CLANG_WARN_UNGUARDED_AVAILABILITY = YES_AGGRESSIVE;
				CLANG_WARN_UNREACHABLE_CODE = YES;
				CLANG_WARN__DUPLICATE_METHOD_MATCH = YES;
				COPY_PHASE_STRIP = NO;
				DEBUG_INFORMATION_FORMAT = dwarf;
				ENABLE_STRICT_OBJC_MSGSEND = YES;
				ENABLE_TESTABILITY = YES;
				GCC_C_LANGUAGE_STANDARD = gnu11;
				GCC_DYNAMIC_NO_PIC = NO;
				GCC_NO_COMMON_BLOCKS = YES;
				GCC_OPTIMIZATION_LEVEL = 0;
				GCC_PREPROCESSOR_DEFINITIONS = (
					"DEBUG=1",
					"$(inherited)",
				);
				GCC_WARN_64_TO_32_BIT_CONVERSION = YES;
				GCC_WARN_ABOUT_RETURN_TYPE = YES_ERROR;
				GCC_WARN_UNDECLARED_SELECTOR = YES;
				GCC_WARN_UNINITIALIZED_AUTOS = YES_AGGRESSIVE;
				GCC_WARN_UNUSED_FUNCTION = YES;
				GCC_WARN_UNUSED_VARIABLE = YES;
				IPHONEOS_DEPLOYMENT_TARGET = 13.2;
				MTL_ENABLE_DEBUG_INFO = INCLUDE_SOURCE;
				MTL_FAST_MATH = YES;
				ONLY_ACTIVE_ARCH = YES;
				SDKROOT = iphoneos;
				SWIFT_ACTIVE_COMPILATION_CONDITIONS = DEBUG;
				SWIFT_OPTIMIZATION_LEVEL = "-Onone";
			};
			name = Debug;
		};
		2840C65724490FA600DB6BAA /* Release */ = {
			isa = XCBuildConfiguration;
			buildSettings = {
				ALWAYS_SEARCH_USER_PATHS = NO;
				CLANG_ANALYZER_LOCALIZABILITY_NONLOCALIZED = YES;
				CLANG_ANALYZER_NONNULL = YES;
				CLANG_ANALYZER_NUMBER_OBJECT_CONVERSION = YES_AGGRESSIVE;
				CLANG_CXX_LANGUAGE_STANDARD = "gnu++14";
				CLANG_CXX_LIBRARY = "libc++";
				CLANG_ENABLE_MODULES = YES;
				CLANG_ENABLE_OBJC_ARC = YES;
				CLANG_ENABLE_OBJC_WEAK = YES;
				CLANG_WARN_BLOCK_CAPTURE_AUTORELEASING = YES;
				CLANG_WARN_BOOL_CONVERSION = YES;
				CLANG_WARN_COMMA = YES;
				CLANG_WARN_CONSTANT_CONVERSION = YES;
				CLANG_WARN_DEPRECATED_OBJC_IMPLEMENTATIONS = YES;
				CLANG_WARN_DIRECT_OBJC_ISA_USAGE = YES_ERROR;
				CLANG_WARN_DOCUMENTATION_COMMENTS = YES;
				CLANG_WARN_EMPTY_BODY = YES;
				CLANG_WARN_ENUM_CONVERSION = YES;
				CLANG_WARN_INFINITE_RECURSION = YES;
				CLANG_WARN_INT_CONVERSION = YES;
				CLANG_WARN_NON_LITERAL_NULL_CONVERSION = YES;
				CLANG_WARN_OBJC_IMPLICIT_RETAIN_SELF = YES;
				CLANG_WARN_OBJC_LITERAL_CONVERSION = YES;
				CLANG_WARN_OBJC_ROOT_CLASS = YES_ERROR;
				CLANG_WARN_RANGE_LOOP_ANALYSIS = YES;
				CLANG_WARN_STRICT_PROTOTYPES = YES;
				CLANG_WARN_SUSPICIOUS_MOVE = YES;
				CLANG_WARN_UNGUARDED_AVAILABILITY = YES_AGGRESSIVE;
				CLANG_WARN_UNREACHABLE_CODE = YES;
				CLANG_WARN__DUPLICATE_METHOD_MATCH = YES;
				COPY_PHASE_STRIP = NO;
				DEBUG_INFORMATION_FORMAT = "dwarf-with-dsym";
				ENABLE_NS_ASSERTIONS = NO;
				ENABLE_STRICT_OBJC_MSGSEND = YES;
				GCC_C_LANGUAGE_STANDARD = gnu11;
				GCC_NO_COMMON_BLOCKS = YES;
				GCC_WARN_64_TO_32_BIT_CONVERSION = YES;
				GCC_WARN_ABOUT_RETURN_TYPE = YES_ERROR;
				GCC_WARN_UNDECLARED_SELECTOR = YES;
				GCC_WARN_UNINITIALIZED_AUTOS = YES_AGGRESSIVE;
				GCC_WARN_UNUSED_FUNCTION = YES;
				GCC_WARN_UNUSED_VARIABLE = YES;
				IPHONEOS_DEPLOYMENT_TARGET = 13.2;
				MTL_ENABLE_DEBUG_INFO = NO;
				MTL_FAST_MATH = YES;
				SDKROOT = iphoneos;
				SWIFT_COMPILATION_MODE = wholemodule;
				SWIFT_OPTIMIZATION_LEVEL = "-O";
				VALIDATE_PRODUCT = YES;
			};
			name = Release;
		};
		2840C65924490FA600DB6BAA /* Debug */ = {
			isa = XCBuildConfiguration;
			buildSettings = {
				ALWAYS_EMBED_SWIFT_STANDARD_LIBRARIES = YES;
				ASSETCATALOG_COMPILER_APPICON_NAME = AppIcon;
				CODE_SIGN_ENTITLEMENTS = SpeedLaunch/SpeedLaunch.entitlements;
				CODE_SIGN_STYLE = Automatic;
				CURRENT_PROJECT_VERSION = 4;
				DEVELOPMENT_ASSET_PATHS = "\"SpeedLaunch/Preview Content\"";
				DEVELOPMENT_TEAM = EZ49532236;
				ENABLE_PREVIEWS = YES;
				INFOPLIST_FILE = SpeedLaunch/Info.plist;
				IPHONEOS_DEPLOYMENT_TARGET = 13.0;
				LD_RUNPATH_SEARCH_PATHS = (
					"$(inherited)",
					"@executable_path/Frameworks",
				);
				PRODUCT_BUNDLE_IDENTIFIER = co.undertide.speedboard;
				PRODUCT_NAME = "$(TARGET_NAME)";
				SWIFT_VERSION = 5.0;
				TARGETED_DEVICE_FAMILY = "1,2";
			};
			name = Debug;
		};
		2840C65A24490FA600DB6BAA /* Release */ = {
			isa = XCBuildConfiguration;
			buildSettings = {
				ALWAYS_EMBED_SWIFT_STANDARD_LIBRARIES = YES;
				ASSETCATALOG_COMPILER_APPICON_NAME = AppIcon;
				CODE_SIGN_ENTITLEMENTS = SpeedLaunch/SpeedLaunch.entitlements;
				CODE_SIGN_STYLE = Automatic;
				CURRENT_PROJECT_VERSION = 4;
				DEVELOPMENT_ASSET_PATHS = "\"SpeedLaunch/Preview Content\"";
				DEVELOPMENT_TEAM = EZ49532236;
				ENABLE_PREVIEWS = YES;
				INFOPLIST_FILE = SpeedLaunch/Info.plist;
				IPHONEOS_DEPLOYMENT_TARGET = 13.0;
				LD_RUNPATH_SEARCH_PATHS = (
					"$(inherited)",
					"@executable_path/Frameworks",
				);
				PRODUCT_BUNDLE_IDENTIFIER = co.undertide.speedboard;
				PRODUCT_NAME = "$(TARGET_NAME)";
				SWIFT_VERSION = 5.0;
				TARGETED_DEVICE_FAMILY = "1,2";
			};
			name = Release;
		};
/* End XCBuildConfiguration section */

/* Begin XCConfigurationList section */
		280C45BB24E628D60098E17A /* Build configuration list for PBXNativeTarget "SpeedLaunchTests" */ = {
			isa = XCConfigurationList;
			buildConfigurations = (
				280C45BC24E628D60098E17A /* Debug */,
				280C45BD24E628D60098E17A /* Release */,
			);
			defaultConfigurationIsVisible = 0;
			defaultConfigurationName = Release;
		};
		283963A024FDC886001AF3F3 /* Build configuration list for PBXNativeTarget "QuickDialExtension" */ = {
			isa = XCConfigurationList;
			buildConfigurations = (
				2839639E24FDC886001AF3F3 /* Debug */,
				2839639F24FDC886001AF3F3 /* Release */,
			);
			defaultConfigurationIsVisible = 0;
			defaultConfigurationName = Release;
		};
		2840C63F24490FA500DB6BAA /* Build configuration list for PBXProject "SpeedLaunch" */ = {
			isa = XCConfigurationList;
			buildConfigurations = (
				2840C65624490FA600DB6BAA /* Debug */,
				2840C65724490FA600DB6BAA /* Release */,
			);
			defaultConfigurationIsVisible = 0;
			defaultConfigurationName = Release;
		};
		2840C65824490FA600DB6BAA /* Build configuration list for PBXNativeTarget "SpeedLaunch" */ = {
			isa = XCConfigurationList;
			buildConfigurations = (
				2840C65924490FA600DB6BAA /* Debug */,
				2840C65A24490FA600DB6BAA /* Release */,
			);
			defaultConfigurationIsVisible = 0;
			defaultConfigurationName = Release;
		};
/* End XCConfigurationList section */

/* Begin XCRemoteSwiftPackageReference section */
		281ADE1A24E84B7900421C9B /* XCRemoteSwiftPackageReference "swift-composable-architecture" */ = {
			isa = XCRemoteSwiftPackageReference;
			repositoryURL = "https://github.com/pointfreeco/swift-composable-architecture.git";
			requirement = {
				kind = upToNextMajorVersion;
				minimumVersion = 0.7.0;
			};
		};
		28388A0724C8F5060008AE7F /* XCRemoteSwiftPackageReference "QGrid" */ = {
			isa = XCRemoteSwiftPackageReference;
			repositoryURL = "https://github.com/Q-Mobile/QGrid.git";
			requirement = {
				kind = upToNextMajorVersion;
				minimumVersion = 0.1.4;
			};
		};
		2879EB9524526B5F00992E08 /* XCRemoteSwiftPackageReference "PhoneNumberKit" */ = {
			isa = XCRemoteSwiftPackageReference;
			repositoryURL = "https://github.com/marmelroy/PhoneNumberKit.git";
			requirement = {
				kind = upToNextMajorVersion;
				minimumVersion = 3.2.0;
			};
		};
		28BF0F8224511D3E004C68D8 /* XCRemoteSwiftPackageReference "LetterAvatarKit" */ = {
			isa = XCRemoteSwiftPackageReference;
			repositoryURL = "https://github.com/vpeschenkov/LetterAvatarKit.git";
			requirement = {
				kind = upToNextMajorVersion;
				minimumVersion = 1.2.3;
			};
		};
/* End XCRemoteSwiftPackageReference section */

/* Begin XCSwiftPackageProductDependency section */
		281ADE1B24E84B7900421C9B /* ComposableArchitecture */ = {
			isa = XCSwiftPackageProductDependency;
			package = 281ADE1A24E84B7900421C9B /* XCRemoteSwiftPackageReference "swift-composable-architecture" */;
			productName = ComposableArchitecture;
		};
		28388A0824C8F5060008AE7F /* QGrid */ = {
			isa = XCSwiftPackageProductDependency;
			package = 28388A0724C8F5060008AE7F /* XCRemoteSwiftPackageReference "QGrid" */;
			productName = QGrid;
		};
		283963AB24FDCAD2001AF3F3 /* PhoneNumberKit */ = {
			isa = XCSwiftPackageProductDependency;
			package = 2879EB9524526B5F00992E08 /* XCRemoteSwiftPackageReference "PhoneNumberKit" */;
			productName = PhoneNumberKit;
		};
		283963AD24FDCAD7001AF3F3 /* LetterAvatarKit */ = {
			isa = XCSwiftPackageProductDependency;
			package = 28BF0F8224511D3E004C68D8 /* XCRemoteSwiftPackageReference "LetterAvatarKit" */;
			productName = LetterAvatarKit;
		};
		283963AF24FDCADA001AF3F3 /* QGrid */ = {
			isa = XCSwiftPackageProductDependency;
			package = 28388A0724C8F5060008AE7F /* XCRemoteSwiftPackageReference "QGrid" */;
			productName = QGrid;
		};
		283963B124FDCADD001AF3F3 /* ComposableArchitecture */ = {
			isa = XCSwiftPackageProductDependency;
			package = 281ADE1A24E84B7900421C9B /* XCRemoteSwiftPackageReference "swift-composable-architecture" */;
			productName = ComposableArchitecture;
		};
		2879EB9624526B5F00992E08 /* PhoneNumberKit */ = {
			isa = XCSwiftPackageProductDependency;
			package = 2879EB9524526B5F00992E08 /* XCRemoteSwiftPackageReference "PhoneNumberKit" */;
			productName = PhoneNumberKit;
		};
		28BF0F8324511D3E004C68D8 /* LetterAvatarKit */ = {
			isa = XCSwiftPackageProductDependency;
			package = 28BF0F8224511D3E004C68D8 /* XCRemoteSwiftPackageReference "LetterAvatarKit" */;
			productName = LetterAvatarKit;
		};
/* End XCSwiftPackageProductDependency section */
	};
	rootObject = 2840C63C24490FA500DB6BAA /* Project object */;
}
