// !$*UTF8*$!
{
	archiveVersion = 1;
	classes = {
	};
	objectVersion = 50;
	objects = {

/* Begin PBXBuildFile section */
		2840C64824490FA500DB6BAA /* AppDelegate.swift in Sources */ = {isa = PBXBuildFile; fileRef = 2840C64724490FA500DB6BAA /* AppDelegate.swift */; };
		2840C64A24490FA500DB6BAA /* SceneDelegate.swift in Sources */ = {isa = PBXBuildFile; fileRef = 2840C64924490FA500DB6BAA /* SceneDelegate.swift */; };
		2840C64C24490FA500DB6BAA /* ContentView.swift in Sources */ = {isa = PBXBuildFile; fileRef = 2840C64B24490FA500DB6BAA /* ContentView.swift */; };
		2840C64E24490FA600DB6BAA /* Assets.xcassets in Resources */ = {isa = PBXBuildFile; fileRef = 2840C64D24490FA600DB6BAA /* Assets.xcassets */; };
		2840C65124490FA600DB6BAA /* Preview Assets.xcassets in Resources */ = {isa = PBXBuildFile; fileRef = 2840C65024490FA600DB6BAA /* Preview Assets.xcassets */; };
		2840C65424490FA600DB6BAA /* LaunchScreen.storyboard in Resources */ = {isa = PBXBuildFile; fileRef = 2840C65224490FA600DB6BAA /* LaunchScreen.storyboard */; };
		286376F2244965F0005AFB9D /* ActionType.swift in Sources */ = {isa = PBXBuildFile; fileRef = 286376F1244965F0005AFB9D /* ActionType.swift */; };
		286376F424496606005AFB9D /* ActionView.swift in Sources */ = {isa = PBXBuildFile; fileRef = 286376F324496606005AFB9D /* ActionView.swift */; };
		286376F624496626005AFB9D /* LaunchCell.swift in Sources */ = {isa = PBXBuildFile; fileRef = 286376F524496626005AFB9D /* LaunchCell.swift */; };
		286376F82449663E005AFB9D /* ConfigurationCardView.swift in Sources */ = {isa = PBXBuildFile; fileRef = 286376F72449663E005AFB9D /* ConfigurationCardView.swift */; };
		286376FA24496F72005AFB9D /* Action.swift in Sources */ = {isa = PBXBuildFile; fileRef = 286376F924496F72005AFB9D /* Action.swift */; };
/* End PBXBuildFile section */

/* Begin PBXFileReference section */
		2840C64424490FA500DB6BAA /* SpeedLaunch.app */ = {isa = PBXFileReference; explicitFileType = wrapper.application; includeInIndex = 0; path = SpeedLaunch.app; sourceTree = BUILT_PRODUCTS_DIR; };
		2840C64724490FA500DB6BAA /* AppDelegate.swift */ = {isa = PBXFileReference; lastKnownFileType = sourcecode.swift; path = AppDelegate.swift; sourceTree = "<group>"; };
		2840C64924490FA500DB6BAA /* SceneDelegate.swift */ = {isa = PBXFileReference; lastKnownFileType = sourcecode.swift; path = SceneDelegate.swift; sourceTree = "<group>"; };
		2840C64B24490FA500DB6BAA /* ContentView.swift */ = {isa = PBXFileReference; lastKnownFileType = sourcecode.swift; path = ContentView.swift; sourceTree = "<group>"; };
		2840C64D24490FA600DB6BAA /* Assets.xcassets */ = {isa = PBXFileReference; lastKnownFileType = folder.assetcatalog; path = Assets.xcassets; sourceTree = "<group>"; };
		2840C65024490FA600DB6BAA /* Preview Assets.xcassets */ = {isa = PBXFileReference; lastKnownFileType = folder.assetcatalog; path = "Preview Assets.xcassets"; sourceTree = "<group>"; };
		2840C65324490FA600DB6BAA /* Base */ = {isa = PBXFileReference; lastKnownFileType = file.storyboard; name = Base; path = Base.lproj/LaunchScreen.storyboard; sourceTree = "<group>"; };
		2840C65524490FA600DB6BAA /* Info.plist */ = {isa = PBXFileReference; lastKnownFileType = text.plist.xml; path = Info.plist; sourceTree = "<group>"; };
		286376F1244965F0005AFB9D /* ActionType.swift */ = {isa = PBXFileReference; lastKnownFileType = sourcecode.swift; path = ActionType.swift; sourceTree = "<group>"; };
		286376F324496606005AFB9D /* ActionView.swift */ = {isa = PBXFileReference; lastKnownFileType = sourcecode.swift; path = ActionView.swift; sourceTree = "<group>"; };
		286376F524496626005AFB9D /* LaunchCell.swift */ = {isa = PBXFileReference; lastKnownFileType = sourcecode.swift; path = LaunchCell.swift; sourceTree = "<group>"; };
		286376F72449663E005AFB9D /* ConfigurationCardView.swift */ = {isa = PBXFileReference; lastKnownFileType = sourcecode.swift; path = ConfigurationCardView.swift; sourceTree = "<group>"; };
		286376F924496F72005AFB9D /* Action.swift */ = {isa = PBXFileReference; lastKnownFileType = sourcecode.swift; path = Action.swift; sourceTree = "<group>"; };
/* End PBXFileReference section */

/* Begin PBXFrameworksBuildPhase section */
		2840C64124490FA500DB6BAA /* Frameworks */ = {
			isa = PBXFrameworksBuildPhase;
			buildActionMask = 2147483647;
			files = (
			);
			runOnlyForDeploymentPostprocessing = 0;
		};
/* End PBXFrameworksBuildPhase section */

/* Begin PBXGroup section */
		2840C63B24490FA500DB6BAA = {
			isa = PBXGroup;
			children = (
				2840C64624490FA500DB6BAA /* SpeedLaunch */,
				2840C64524490FA500DB6BAA /* Products */,
			);
			sourceTree = "<group>";
		};
		2840C64524490FA500DB6BAA /* Products */ = {
			isa = PBXGroup;
			children = (
				2840C64424490FA500DB6BAA /* SpeedLaunch.app */,
			);
			name = Products;
			sourceTree = "<group>";
		};
		2840C64624490FA500DB6BAA /* SpeedLaunch */ = {
			isa = PBXGroup;
			children = (
				2840C64724490FA500DB6BAA /* AppDelegate.swift */,
				2840C64924490FA500DB6BAA /* SceneDelegate.swift */,
				2840C64B24490FA500DB6BAA /* ContentView.swift */,
				286376F324496606005AFB9D /* ActionView.swift */,
				286376F1244965F0005AFB9D /* ActionType.swift */,
				286376F524496626005AFB9D /* LaunchCell.swift */,
				286376F72449663E005AFB9D /* ConfigurationCardView.swift */,
				286376F924496F72005AFB9D /* Action.swift */,
				2840C64D24490FA600DB6BAA /* Assets.xcassets */,
				2840C65224490FA600DB6BAA /* LaunchScreen.storyboard */,
				2840C65524490FA600DB6BAA /* Info.plist */,
				2840C64F24490FA600DB6BAA /* Preview Content */,
			);
			path = SpeedLaunch;
			sourceTree = "<group>";
		};
		2840C64F24490FA600DB6BAA /* Preview Content */ = {
			isa = PBXGroup;
			children = (
				2840C65024490FA600DB6BAA /* Preview Assets.xcassets */,
			);
			path = "Preview Content";
			sourceTree = "<group>";
		};
/* End PBXGroup section */

/* Begin PBXNativeTarget section */
		2840C64324490FA500DB6BAA /* SpeedLaunch */ = {
			isa = PBXNativeTarget;
			buildConfigurationList = 2840C65824490FA600DB6BAA /* Build configuration list for PBXNativeTarget "SpeedLaunch" */;
			buildPhases = (
				2840C64024490FA500DB6BAA /* Sources */,
				2840C64124490FA500DB6BAA /* Frameworks */,
				2840C64224490FA500DB6BAA /* Resources */,
			);
			buildRules = (
			);
			dependencies = (
			);
			name = SpeedLaunch;
			productName = SpeedLaunch;
			productReference = 2840C64424490FA500DB6BAA /* SpeedLaunch.app */;
			productType = "com.apple.product-type.application";
		};
/* End PBXNativeTarget section */

/* Begin PBXProject section */
		2840C63C24490FA500DB6BAA /* Project object */ = {
			isa = PBXProject;
			attributes = {
				LastSwiftUpdateCheck = 1130;
				LastUpgradeCheck = 1130;
				ORGANIZATIONNAME = "Undertide LLP";
				TargetAttributes = {
					2840C64324490FA500DB6BAA = {
						CreatedOnToolsVersion = 11.3.1;
					};
				};
			};
			buildConfigurationList = 2840C63F24490FA500DB6BAA /* Build configuration list for PBXProject "SpeedLaunch" */;
			compatibilityVersion = "Xcode 9.3";
			developmentRegion = en;
			hasScannedForEncodings = 0;
			knownRegions = (
				en,
				Base,
			);
			mainGroup = 2840C63B24490FA500DB6BAA;
			productRefGroup = 2840C64524490FA500DB6BAA /* Products */;
			projectDirPath = "";
			projectRoot = "";
			targets = (
				2840C64324490FA500DB6BAA /* SpeedLaunch */,
			);
		};
/* End PBXProject section */

/* Begin PBXResourcesBuildPhase section */
		2840C64224490FA500DB6BAA /* Resources */ = {
			isa = PBXResourcesBuildPhase;
			buildActionMask = 2147483647;
			files = (
				2840C65424490FA600DB6BAA /* LaunchScreen.storyboard in Resources */,
				2840C65124490FA600DB6BAA /* Preview Assets.xcassets in Resources */,
				2840C64E24490FA600DB6BAA /* Assets.xcassets in Resources */,
			);
			runOnlyForDeploymentPostprocessing = 0;
		};
/* End PBXResourcesBuildPhase section */

/* Begin PBXSourcesBuildPhase section */
		2840C64024490FA500DB6BAA /* Sources */ = {
			isa = PBXSourcesBuildPhase;
			buildActionMask = 2147483647;
			files = (
				286376F424496606005AFB9D /* ActionView.swift in Sources */,
				2840C64824490FA500DB6BAA /* AppDelegate.swift in Sources */,
				286376F82449663E005AFB9D /* ConfigurationCardView.swift in Sources */,
				286376F624496626005AFB9D /* LaunchCell.swift in Sources */,
				2840C64A24490FA500DB6BAA /* SceneDelegate.swift in Sources */,
				286376FA24496F72005AFB9D /* Action.swift in Sources */,
				2840C64C24490FA500DB6BAA /* ContentView.swift in Sources */,
				286376F2244965F0005AFB9D /* ActionType.swift in Sources */,
			);
			runOnlyForDeploymentPostprocessing = 0;
		};
/* End PBXSourcesBuildPhase section */

/* Begin PBXVariantGroup section */
		2840C65224490FA600DB6BAA /* LaunchScreen.storyboard */ = {
			isa = PBXVariantGroup;
			children = (
				2840C65324490FA600DB6BAA /* Base */,
			);
			name = LaunchScreen.storyboard;
			sourceTree = "<group>";
		};
/* End PBXVariantGroup section */

/* Begin XCBuildConfiguration section */
		2840C65624490FA600DB6BAA /* Debug */ = {
			isa = XCBuildConfiguration;
			buildSettings = {
				ALWAYS_SEARCH_USER_PATHS = NO;
				CLANG_ANALYZER_NONNULL = YES;
				CLANG_ANALYZER_NUMBER_OBJECT_CONVERSION = YES_AGGRESSIVE;
				CLANG_CXX_LANGUAGE_STANDARD = "gnu++14";
				CLANG_CXX_LIBRARY = "libc++";
				CLANG_ENABLE_MODULES = YES;
				CLANG_ENABLE_OBJC_ARC = YES;
				CLANG_ENABLE_OBJC_WEAK = YES;
				CLANG_WARN_BLOCK_CAPTURE_AUTORELEASING = YES;
				CLANG_WARN_BOOL_CONVERSION = YES;
				CLANG_WARN_COMMA = YES;
				CLANG_WARN_CONSTANT_CONVERSION = YES;
				CLANG_WARN_DEPRECATED_OBJC_IMPLEMENTATIONS = YES;
				CLANG_WARN_DIRECT_OBJC_ISA_USAGE = YES_ERROR;
				CLANG_WARN_DOCUMENTATION_COMMENTS = YES;
				CLANG_WARN_EMPTY_BODY = YES;
				CLANG_WARN_ENUM_CONVERSION = YES;
				CLANG_WARN_INFINITE_RECURSION = YES;
				CLANG_WARN_INT_CONVERSION = YES;
				CLANG_WARN_NON_LITERAL_NULL_CONVERSION = YES;
				CLANG_WARN_OBJC_IMPLICIT_RETAIN_SELF = YES;
				CLANG_WARN_OBJC_LITERAL_CONVERSION = YES;
				CLANG_WARN_OBJC_ROOT_CLASS = YES_ERROR;
				CLANG_WARN_RANGE_LOOP_ANALYSIS = YES;
				CLANG_WARN_STRICT_PROTOTYPES = YES;
				CLANG_WARN_SUSPICIOUS_MOVE = YES;
				CLANG_WARN_UNGUARDED_AVAILABILITY = YES_AGGRESSIVE;
				CLANG_WARN_UNREACHABLE_CODE = YES;
				CLANG_WARN__DUPLICATE_METHOD_MATCH = YES;
				COPY_PHASE_STRIP = NO;
				DEBUG_INFORMATION_FORMAT = dwarf;
				ENABLE_STRICT_OBJC_MSGSEND = YES;
				ENABLE_TESTABILITY = YES;
				GCC_C_LANGUAGE_STANDARD = gnu11;
				GCC_DYNAMIC_NO_PIC = NO;
				GCC_NO_COMMON_BLOCKS = YES;
				GCC_OPTIMIZATION_LEVEL = 0;
				GCC_PREPROCESSOR_DEFINITIONS = (
					"DEBUG=1",
					"$(inherited)",
				);
				GCC_WARN_64_TO_32_BIT_CONVERSION = YES;
				GCC_WARN_ABOUT_RETURN_TYPE = YES_ERROR;
				GCC_WARN_UNDECLARED_SELECTOR = YES;
				GCC_WARN_UNINITIALIZED_AUTOS = YES_AGGRESSIVE;
				GCC_WARN_UNUSED_FUNCTION = YES;
				GCC_WARN_UNUSED_VARIABLE = YES;
				IPHONEOS_DEPLOYMENT_TARGET = 13.2;
				MTL_ENABLE_DEBUG_INFO = INCLUDE_SOURCE;
				MTL_FAST_MATH = YES;
				ONLY_ACTIVE_ARCH = YES;
				SDKROOT = iphoneos;
				SWIFT_ACTIVE_COMPILATION_CONDITIONS = DEBUG;
				SWIFT_OPTIMIZATION_LEVEL = "-Onone";
			};
			name = Debug;
		};
		2840C65724490FA600DB6BAA /* Release */ = {
			isa = XCBuildConfiguration;
			buildSettings = {
				ALWAYS_SEARCH_USER_PATHS = NO;
				CLANG_ANALYZER_NONNULL = YES;
				CLANG_ANALYZER_NUMBER_OBJECT_CONVERSION = YES_AGGRESSIVE;
				CLANG_CXX_LANGUAGE_STANDARD = "gnu++14";
				CLANG_CXX_LIBRARY = "libc++";
				CLANG_ENABLE_MODULES = YES;
				CLANG_ENABLE_OBJC_ARC = YES;
				CLANG_ENABLE_OBJC_WEAK = YES;
				CLANG_WARN_BLOCK_CAPTURE_AUTORELEASING = YES;
				CLANG_WARN_BOOL_CONVERSION = YES;
				CLANG_WARN_COMMA = YES;
				CLANG_WARN_CONSTANT_CONVERSION = YES;
				CLANG_WARN_DEPRECATED_OBJC_IMPLEMENTATIONS = YES;
				CLANG_WARN_DIRECT_OBJC_ISA_USAGE = YES_ERROR;
				CLANG_WARN_DOCUMENTATION_COMMENTS = YES;
				CLANG_WARN_EMPTY_BODY = YES;
				CLANG_WARN_ENUM_CONVERSION = YES;
				CLANG_WARN_INFINITE_RECURSION = YES;
				CLANG_WARN_INT_CONVERSION = YES;
				CLANG_WARN_NON_LITERAL_NULL_CONVERSION = YES;
				CLANG_WARN_OBJC_IMPLICIT_RETAIN_SELF = YES;
				CLANG_WARN_OBJC_LITERAL_CONVERSION = YES;
				CLANG_WARN_OBJC_ROOT_CLASS = YES_ERROR;
				CLANG_WARN_RANGE_LOOP_ANALYSIS = YES;
				CLANG_WARN_STRICT_PROTOTYPES = YES;
				CLANG_WARN_SUSPICIOUS_MOVE = YES;
				CLANG_WARN_UNGUARDED_AVAILABILITY = YES_AGGRESSIVE;
				CLANG_WARN_UNREACHABLE_CODE = YES;
				CLANG_WARN__DUPLICATE_METHOD_MATCH = YES;
				COPY_PHASE_STRIP = NO;
				DEBUG_INFORMATION_FORMAT = "dwarf-with-dsym";
				ENABLE_NS_ASSERTIONS = NO;
				ENABLE_STRICT_OBJC_MSGSEND = YES;
				GCC_C_LANGUAGE_STANDARD = gnu11;
				GCC_NO_COMMON_BLOCKS = YES;
				GCC_WARN_64_TO_32_BIT_CONVERSION = YES;
				GCC_WARN_ABOUT_RETURN_TYPE = YES_ERROR;
				GCC_WARN_UNDECLARED_SELECTOR = YES;
				GCC_WARN_UNINITIALIZED_AUTOS = YES_AGGRESSIVE;
				GCC_WARN_UNUSED_FUNCTION = YES;
				GCC_WARN_UNUSED_VARIABLE = YES;
				IPHONEOS_DEPLOYMENT_TARGET = 13.2;
				MTL_ENABLE_DEBUG_INFO = NO;
				MTL_FAST_MATH = YES;
				SDKROOT = iphoneos;
				SWIFT_COMPILATION_MODE = wholemodule;
				SWIFT_OPTIMIZATION_LEVEL = "-O";
				VALIDATE_PRODUCT = YES;
			};
			name = Release;
		};
		2840C65924490FA600DB6BAA /* Debug */ = {
			isa = XCBuildConfiguration;
			buildSettings = {
				ASSETCATALOG_COMPILER_APPICON_NAME = AppIcon;
				CODE_SIGN_STYLE = Automatic;
				DEVELOPMENT_ASSET_PATHS = "\"SpeedLaunch/Preview Content\"";
				DEVELOPMENT_TEAM = N28C4P877B;
				ENABLE_PREVIEWS = YES;
				INFOPLIST_FILE = SpeedLaunch/Info.plist;
				IPHONEOS_DEPLOYMENT_TARGET = 13.0;
				LD_RUNPATH_SEARCH_PATHS = (
					"$(inherited)",
					"@executable_path/Frameworks",
				);
				PRODUCT_BUNDLE_IDENTIFIER = co.undertide.SpeedLaunch;
				PRODUCT_NAME = "$(TARGET_NAME)";
				SWIFT_VERSION = 5.0;
				TARGETED_DEVICE_FAMILY = "1,2";
			};
			name = Debug;
		};
		2840C65A24490FA600DB6BAA /* Release */ = {
			isa = XCBuildConfiguration;
			buildSettings = {
				ASSETCATALOG_COMPILER_APPICON_NAME = AppIcon;
				CODE_SIGN_STYLE = Automatic;
				DEVELOPMENT_ASSET_PATHS = "\"SpeedLaunch/Preview Content\"";
				DEVELOPMENT_TEAM = N28C4P877B;
				ENABLE_PREVIEWS = YES;
				INFOPLIST_FILE = SpeedLaunch/Info.plist;
				IPHONEOS_DEPLOYMENT_TARGET = 13.0;
				LD_RUNPATH_SEARCH_PATHS = (
					"$(inherited)",
					"@executable_path/Frameworks",
				);
				PRODUCT_BUNDLE_IDENTIFIER = co.undertide.SpeedLaunch;
				PRODUCT_NAME = "$(TARGET_NAME)";
				SWIFT_VERSION = 5.0;
				TARGETED_DEVICE_FAMILY = "1,2";
			};
			name = Release;
		};
/* End XCBuildConfiguration section */

/* Begin XCConfigurationList section */
		2840C63F24490FA500DB6BAA /* Build configuration list for PBXProject "SpeedLaunch" */ = {
			isa = XCConfigurationList;
			buildConfigurations = (
				2840C65624490FA600DB6BAA /* Debug */,
				2840C65724490FA600DB6BAA /* Release */,
			);
			defaultConfigurationIsVisible = 0;
			defaultConfigurationName = Release;
		};
		2840C65824490FA600DB6BAA /* Build configuration list for PBXNativeTarget "SpeedLaunch" */ = {
			isa = XCConfigurationList;
			buildConfigurations = (
				2840C65924490FA600DB6BAA /* Debug */,
				2840C65A24490FA600DB6BAA /* Release */,
			);
			defaultConfigurationIsVisible = 0;
			defaultConfigurationName = Release;
		};
/* End XCConfigurationList section */
	};
	rootObject = 2840C63C24490FA500DB6BAA /* Project object */;
}
